
Microsoft Visual Studio Solution File, Format Version 12.00
# Visual Studio Version 16
VisualStudioVersion = 16.0.29324.140
MinimumVisualStudioVersion = 10.0.40219.1
Project("{2150E333-8FDC-42A3-9474-1A3956D46DE8}") = "Ukol_2", "Ukol_2", "{5C51AF10-56AF-4B2B-BA2C-010F89A345AA}"
EndProject
Project("{8BC9CEB8-8B4A-11D0-8D11-00A0C91BC942}") = "work_2", "work_2\work_2.vcxproj", "{BD4D0EFD-B2DF-4D0B-ABFF-5822C2317BD3}"
EndProject
Project("{2150E333-8FDC-42A3-9474-1A3956D46DE8}") = "Ukol_3", "Ukol_3", "{88C3219E-FC21-48DE-A700-EE587C1F1811}"
EndProject
Project("{8BC9CEB8-8B4A-11D0-8D11-00A0C91BC942}") = "work_3", "work_3\work_3.vcxproj", "{AB141C91-FE20-4361-9583-9E573CE1B2FE}"
EndProject
Project("{2150E333-8FDC-42A3-9474-1A3956D46DE8}") = "Ukol_4", "Ukol_4", "{888AC424-36BE-4358-AF90-02F21BA899AE}"
EndProject
Project("{8BC9CEB8-8B4A-11D0-8D11-00A0C91BC942}") = "work_4", "work_4\work_4.vcxproj", "{5E60BA5B-3E1D-4439-B6C7-E91D7E9C498E}"
EndProject
Project("{2150E333-8FDC-42A3-9474-1A3956D46DE8}") = "Ukol_5", "Ukol_5", "{A66B4E46-A7A9-4A4E-850D-F8EDF62AE03C}"
EndProject
Project("{8BC9CEB8-8B4A-11D0-8D11-00A0C91BC942}") = "work_5", "work_5\work_5.vcxproj", "{86A466F8-407E-407A-B91F-8F278CA0E165}"
EndProject
Global
	GlobalSection(SolutionConfigurationPlatforms) = preSolution
		Debug|x64 = Debug|x64
		Debug|x86 = Debug|x86
		Release|x64 = Release|x64
		Release|x86 = Release|x86
	EndGlobalSection
	GlobalSection(ProjectConfigurationPlatforms) = postSolution
		{BD4D0EFD-B2DF-4D0B-ABFF-5822C2317BD3}.Debug|x64.ActiveCfg = Debug|x64
		{BD4D0EFD-B2DF-4D0B-ABFF-5822C2317BD3}.Debug|x64.Build.0 = Debug|x64
		{BD4D0EFD-B2DF-4D0B-ABFF-5822C2317BD3}.Debug|x86.ActiveCfg = Debug|Win32
		{BD4D0EFD-B2DF-4D0B-ABFF-5822C2317BD3}.Debug|x86.Build.0 = Debug|Win32
		{BD4D0EFD-B2DF-4D0B-ABFF-5822C2317BD3}.Release|x64.ActiveCfg = Release|x64
		{BD4D0EFD-B2DF-4D0B-ABFF-5822C2317BD3}.Release|x64.Build.0 = Release|x64
		{BD4D0EFD-B2DF-4D0B-ABFF-5822C2317BD3}.Release|x86.ActiveCfg = Release|Win32
		{BD4D0EFD-B2DF-4D0B-ABFF-5822C2317BD3}.Release|x86.Build.0 = Release|Win32
		{AB141C91-FE20-4361-9583-9E573CE1B2FE}.Debug|x64.ActiveCfg = Debug|x64
		{AB141C91-FE20-4361-9583-9E573CE1B2FE}.Debug|x64.Build.0 = Debug|x64
		{AB141C91-FE20-4361-9583-9E573CE1B2FE}.Debug|x86.ActiveCfg = Debug|Win32
		{AB141C91-FE20-4361-9583-9E573CE1B2FE}.Debug|x86.Build.0 = Debug|Win32
		{AB141C91-FE20-4361-9583-9E573CE1B2FE}.Release|x64.ActiveCfg = Release|x64
		{AB141C91-FE20-4361-9583-9E573CE1B2FE}.Release|x64.Build.0 = Release|x64
		{AB141C91-FE20-4361-9583-9E573CE1B2FE}.Release|x86.ActiveCfg = Release|Win32
		{AB141C91-FE20-4361-9583-9E573CE1B2FE}.Release|x86.Build.0 = Release|Win32
		{5E60BA5B-3E1D-4439-B6C7-E91D7E9C498E}.Debug|x64.ActiveCfg = Debug|x64
		{5E60BA5B-3E1D-4439-B6C7-E91D7E9C498E}.Debug|x64.Build.0 = Debug|x64
		{5E60BA5B-3E1D-4439-B6C7-E91D7E9C498E}.Debug|x86.ActiveCfg = Debug|Win32
		{5E60BA5B-3E1D-4439-B6C7-E91D7E9C498E}.Debug|x86.Build.0 = Debug|Win32
		{5E60BA5B-3E1D-4439-B6C7-E91D7E9C498E}.Release|x64.ActiveCfg = Release|x64
		{5E60BA5B-3E1D-4439-B6C7-E91D7E9C498E}.Release|x64.Build.0 = Release|x64
		{5E60BA5B-3E1D-4439-B6C7-E91D7E9C498E}.Release|x86.ActiveCfg = Release|Win32
		{5E60BA5B-3E1D-4439-B6C7-E91D7E9C498E}.Release|x86.Build.0 = Release|Win32
		{86A466F8-407E-407A-B91F-8F278CA0E165}.Debug|x64.ActiveCfg = Debug|x64
		{86A466F8-407E-407A-B91F-8F278CA0E165}.Debug|x64.Build.0 = Debug|x64
		{86A466F8-407E-407A-B91F-8F278CA0E165}.Debug|x86.ActiveCfg = Debug|Win32
		{86A466F8-407E-407A-B91F-8F278CA0E165}.Debug|x86.Build.0 = Debug|Win32
		{86A466F8-407E-407A-B91F-8F278CA0E165}.Release|x64.ActiveCfg = Release|x64
		{86A466F8-407E-407A-B91F-8F278CA0E165}.Release|x64.Build.0 = Release|x64
		{86A466F8-407E-407A-B91F-8F278CA0E165}.Release|x86.ActiveCfg = Release|Win32
		{86A466F8-407E-407A-B91F-8F278CA0E165}.Release|x86.Build.0 = Release|Win32
	EndGlobalSection
	GlobalSection(SolutionProperties) = preSolution
		HideSolutionNode = FALSE
	EndGlobalSection
	GlobalSection(NestedProjects) = preSolution
		{BD4D0EFD-B2DF-4D0B-ABFF-5822C2317BD3} = {5C51AF10-56AF-4B2B-BA2C-010F89A345AA}
		{AB141C91-FE20-4361-9583-9E573CE1B2FE} = {88C3219E-FC21-48DE-A700-EE587C1F1811}
		{5E60BA5B-3E1D-4439-B6C7-E91D7E9C498E} = {888AC424-36BE-4358-AF90-02F21BA899AE}
		{86A466F8-407E-407A-B91F-8F278CA0E165} = {A66B4E46-A7A9-4A4E-850D-F8EDF62AE03C}
	EndGlobalSection
	GlobalSection(ExtensibilityGlobals) = postSolution
		SolutionGuid = {65B6A14C-CBD0-40A4-A0D4-E72DDCF6BE27}
	EndGlobalSection
EndGlobal
